// !$*UTF8*$!
{
	archiveVersion = 1;
	classes = {
	};
	objectVersion = 56;
	objects = {

/* Begin PBXBuildFile section */
		7248CF482F0186870035B01F /* SanityAppApp.swift in Sources */ = {isa = PBXBuildFile; fileRef = 7248CF472F0186870035B01F /* SanityAppApp.swift */; };
		7248CF4A2F0186870035B01F /* ContentView.swift in Sources */ = {isa = PBXBuildFile; fileRef = 7248CF492F0186870035B01F /* ContentView.swift */; };
		7248CF4C2F0186890035B01F /* Assets.xcassets in Resources */ = {isa = PBXBuildFile; fileRef = 7248CF4B2F0186890035B01F /* Assets.xcassets */; };
		7248CF4F2F0186890035B01F /* Preview Assets.xcassets in Resources */ = {isa = PBXBuildFile; fileRef = 7248CF4E2F0186890035B01F /* Preview Assets.xcassets */; };
		7248CF592F0186890035B01F /* SanityAppTests.swift in Sources */ = {isa = PBXBuildFile; fileRef = 7248CF582F0186890035B01F /* SanityAppTests.swift */; };
		7248CF632F0186890035B01F /* SanityAppUITests.swift in Sources */ = {isa = PBXBuildFile; fileRef = 7248CF622F0186890035B01F /* SanityAppUITests.swift */; };
		7248CF652F0186890035B01F /* SanityAppUITestsLaunchTests.swift in Sources */ = {isa = PBXBuildFile; fileRef = 7248CF642F0186890035B01F /* SanityAppUITestsLaunchTests.swift */; };
/* End PBXBuildFile section */

/* Begin PBXContainerItemProxy section */
		7248CF552F0186890035B01F /* PBXContainerItemProxy */ = {
			isa = PBXContainerItemProxy;
			containerPortal = 7248CF3C2F0186870035B01F /* Project object */;
			proxyType = 1;
			remoteGlobalIDString = 7248CF432F0186870035B01F;
			remoteInfo = SanityApp;
		};
		7248CF5F2F0186890035B01F /* PBXContainerItemProxy */ = {
			isa = PBXContainerItemProxy;
			containerPortal = 7248CF3C2F0186870035B01F /* Project object */;
			proxyType = 1;
			remoteGlobalIDString = 7248CF432F0186870035B01F;
			remoteInfo = SanityApp;
		};
/* End PBXContainerItemProxy section */

/* Begin PBXFileReference section */
		7248CF442F0186870035B01F /* SanityApp.app */ = {isa = PBXFileReference; explicitFileType = wrapper.application; includeInIndex = 0; path = SanityApp.app; sourceTree = BUILT_PRODUCTS_DIR; };
		7248CF472F0186870035B01F /* SanityAppApp.swift */ = {isa = PBXFileReference; lastKnownFileType = sourcecode.swift; path = SanityAppApp.swift; sourceTree = "<group>"; };
		7248CF492F0186870035B01F /* ContentView.swift */ = {isa = PBXFileReference; lastKnownFileType = sourcecode.swift; path = ContentView.swift; sourceTree = "<group>"; };
		7248CF4B2F0186890035B01F /* Assets.xcassets */ = {isa = PBXFileReference; lastKnownFileType = folder.assetcatalog; path = Assets.xcassets; sourceTree = "<group>"; };
		7248CF4E2F0186890035B01F /* Preview Assets.xcassets */ = {isa = PBXFileReference; lastKnownFileType = folder.assetcatalog; path = "Preview Assets.xcassets"; sourceTree = "<group>"; };
		7248CF542F0186890035B01F /* SanityAppTests.xctest */ = {isa = PBXFileReference; explicitFileType = wrapper.cfbundle; includeInIndex = 0; path = SanityAppTests.xctest; sourceTree = BUILT_PRODUCTS_DIR; };
		7248CF582F0186890035B01F /* SanityAppTests.swift */ = {isa = PBXFileReference; lastKnownFileType = sourcecode.swift; path = SanityAppTests.swift; sourceTree = "<group>"; };
		7248CF5E2F0186890035B01F /* SanityAppUITests.xctest */ = {isa = PBXFileReference; explicitFileType = wrapper.cfbundle; includeInIndex = 0; path = SanityAppUITests.xctest; sourceTree = BUILT_PRODUCTS_DIR; };
		7248CF622F0186890035B01F /* SanityAppUITests.swift */ = {isa = PBXFileReference; lastKnownFileType = sourcecode.swift; path = SanityAppUITests.swift; sourceTree = "<group>"; };
		7248CF642F0186890035B01F /* SanityAppUITestsLaunchTests.swift */ = {isa = PBXFileReference; lastKnownFileType = sourcecode.swift; path = SanityAppUITestsLaunchTests.swift; sourceTree = "<group>"; };
/* End PBXFileReference section */

/* Begin PBXFrameworksBuildPhase section */
		7248CF412F0186870035B01F /* Frameworks */ = {
			isa = PBXFrameworksBuildPhase;
			buildActionMask = 2147483647;
			files = (
			);
			runOnlyForDeploymentPostprocessing = 0;
		};
		7248CF512F0186890035B01F /* Frameworks */ = {
			isa = PBXFrameworksBuildPhase;
			buildActionMask = 2147483647;
			files = (
			);
			runOnlyForDeploymentPostprocessing = 0;
		};
		7248CF5B2F0186890035B01F /* Frameworks */ = {
			isa = PBXFrameworksBuildPhase;
			buildActionMask = 2147483647;
			files = (
			);
			runOnlyForDeploymentPostprocessing = 0;
		};
/* End PBXFrameworksBuildPhase section */

/* Begin PBXGroup section */
		7248CF3B2F0186870035B01F = {
			isa = PBXGroup;
			children = (
				7248CF462F0186870035B01F /* SanityApp */,
				7248CF572F0186890035B01F /* SanityAppTests */,
				7248CF612F0186890035B01F /* SanityAppUITests */,
				7248CF452F0186870035B01F /* Products */,
			);
			sourceTree = "<group>";
		};
		7248CF452F0186870035B01F /* Products */ = {
			isa = PBXGroup;
			children = (
				7248CF442F0186870035B01F /* SanityApp.app */,
				7248CF542F0186890035B01F /* SanityAppTests.xctest */,
				7248CF5E2F0186890035B01F /* SanityAppUITests.xctest */,
			);
			name = Products;
			sourceTree = "<group>";
		};
		7248CF462F0186870035B01F /* SanityApp */ = {
			isa = PBXGroup;
			children = (
				7248CF472F0186870035B01F /* SanityAppApp.swift */,
				7248CF492F0186870035B01F /* ContentView.swift */,
				7248CF4B2F0186890035B01F /* Assets.xcassets */,
				7248CF4D2F0186890035B01F /* Preview Content */,
			);
			path = SanityApp;
			sourceTree = "<group>";
		};
		7248CF4D2F0186890035B01F /* Preview Content */ = {
			isa = PBXGroup;
			children = (
				7248CF4E2F0186890035B01F /* Preview Assets.xcassets */,
			);
			path = "Preview Content";
			sourceTree = "<group>";
		};
		7248CF572F0186890035B01F /* SanityAppTests */ = {
			isa = PBXGroup;
			children = (
				7248CF582F0186890035B01F /* SanityAppTests.swift */,
			);
			path = SanityAppTests;
			sourceTree = "<group>";
		};
		7248CF612F0186890035B01F /* SanityAppUITests */ = {
			isa = PBXGroup;
			children = (
				7248CF622F0186890035B01F /* SanityAppUITests.swift */,
				7248CF642F0186890035B01F /* SanityAppUITestsLaunchTests.swift */,
			);
			path = SanityAppUITests;
			sourceTree = "<group>";
		};
/* End PBXGroup section */

/* Begin PBXNativeTarget section */
		7248CF432F0186870035B01F /* SanityApp */ = {
			isa = PBXNativeTarget;
			buildConfigurationList = 7248CF682F01868A0035B01F /* Build configuration list for PBXNativeTarget "SanityApp" */;
			buildPhases = (
				7248CF402F0186870035B01F /* Sources */,
				7248CF412F0186870035B01F /* Frameworks */,
				7248CF422F0186870035B01F /* Resources */,
			);
			buildRules = (
			);
			dependencies = (
			);
			name = SanityApp;
			productName = SanityApp;
			productReference = 7248CF442F0186870035B01F /* SanityApp.app */;
			productType = "com.apple.product-type.application";
		};
		7248CF532F0186890035B01F /* SanityAppTests */ = {
			isa = PBXNativeTarget;
			buildConfigurationList = 7248CF6B2F01868A0035B01F /* Build configuration list for PBXNativeTarget "SanityAppTests" */;
			buildPhases = (
				7248CF502F0186890035B01F /* Sources */,
				7248CF512F0186890035B01F /* Frameworks */,
				7248CF522F0186890035B01F /* Resources */,
			);
			buildRules = (
			);
			dependencies = (
				7248CF562F0186890035B01F /* PBXTargetDependency */,
			);
			name = SanityAppTests;
			productName = SanityAppTests;
			productReference = 7248CF542F0186890035B01F /* SanityAppTests.xctest */;
			productType = "com.apple.product-type.bundle.unit-test";
		};
		7248CF5D2F0186890035B01F /* SanityAppUITests */ = {
			isa = PBXNativeTarget;
			buildConfigurationList = 7248CF6E2F01868A0035B01F /* Build configuration list for PBXNativeTarget "SanityAppUITests" */;
			buildPhases = (
				7248CF5A2F0186890035B01F /* Sources */,
				7248CF5B2F0186890035B01F /* Frameworks */,
				7248CF5C2F0186890035B01F /* Resources */,
			);
			buildRules = (
			);
			dependencies = (
				7248CF602F0186890035B01F /* PBXTargetDependency */,
			);
			name = SanityAppUITests;
			productName = SanityAppUITests;
			productReference = 7248CF5E2F0186890035B01F /* SanityAppUITests.xctest */;
			productType = "com.apple.product-type.bundle.ui-testing";
		};
/* End PBXNativeTarget section */

/* Begin PBXProject section */
		7248CF3C2F0186870035B01F /* Project object */ = {
			isa = PBXProject;
			attributes = {
				BuildIndependentTargetsInParallel = 1;
				LastSwiftUpdateCheck = 1540;
				LastUpgradeCheck = 1540;
				TargetAttributes = {
					7248CF432F0186870035B01F = {
						CreatedOnToolsVersion = 15.4;
					};
					7248CF532F0186890035B01F = {
						CreatedOnToolsVersion = 15.4;
						TestTargetID = 7248CF432F0186870035B01F;
					};
					7248CF5D2F0186890035B01F = {
						CreatedOnToolsVersion = 15.4;
						TestTargetID = 7248CF432F0186870035B01F;
					};
				};
			};
			buildConfigurationList = 7248CF3F2F0186870035B01F /* Build configuration list for PBXProject "SanityApp" */;
			compatibilityVersion = "Xcode 14.0";
			developmentRegion = en;
			hasScannedForEncodings = 0;
			knownRegions = (
				en,
				Base,
			);
			mainGroup = 7248CF3B2F0186870035B01F;
			productRefGroup = 7248CF452F0186870035B01F /* Products */;
			projectDirPath = "";
			projectRoot = "";
			targets = (
				7248CF432F0186870035B01F /* SanityApp */,
				7248CF532F0186890035B01F /* SanityAppTests */,
				7248CF5D2F0186890035B01F /* SanityAppUITests */,
			);
		};
/* End PBXProject section */

/* Begin PBXResourcesBuildPhase section */
		7248CF422F0186870035B01F /* Resources */ = {
			isa = PBXResourcesBuildPhase;
			buildActionMask = 2147483647;
			files = (
				7248CF4F2F0186890035B01F /* Preview Assets.xcassets in Resources */,
				7248CF4C2F0186890035B01F /* Assets.xcassets in Resources */,
			);
			runOnlyForDeploymentPostprocessing = 0;
		};
		7248CF522F0186890035B01F /* Resources */ = {
			isa = PBXResourcesBuildPhase;
			buildActionMask = 2147483647;
			files = (
			);
			runOnlyForDeploymentPostprocessing = 0;
		};
		7248CF5C2F0186890035B01F /* Resources */ = {
			isa = PBXResourcesBuildPhase;
			buildActionMask = 2147483647;
			files = (
			);
			runOnlyForDeploymentPostprocessing = 0;
		};
/* End PBXResourcesBuildPhase section */

/* Begin PBXSourcesBuildPhase section */
		7248CF402F0186870035B01F /* Sources */ = {
			isa = PBXSourcesBuildPhase;
			buildActionMask = 2147483647;
			files = (
				7248CF4A2F0186870035B01F /* ContentView.swift in Sources */,
				7248CF482F0186870035B01F /* SanityAppApp.swift in Sources */,
			);
			runOnlyForDeploymentPostprocessing = 0;
		};
		7248CF502F0186890035B01F /* Sources */ = {
			isa = PBXSourcesBuildPhase;
			buildActionMask = 2147483647;
			files = (
				7248CF592F0186890035B01F /* SanityAppTests.swift in Sources */,
			);
			runOnlyForDeploymentPostprocessing = 0;
		};
		7248CF5A2F0186890035B01F /* Sources */ = {
			isa = PBXSourcesBuildPhase;
			buildActionMask = 2147483647;
			files = (
				7248CF652F0186890035B01F /* SanityAppUITestsLaunchTests.swift in Sources */,
				7248CF632F0186890035B01F /* SanityAppUITests.swift in Sources */,
			);
			runOnlyForDeploymentPostprocessing = 0;
		};
/* End PBXSourcesBuildPhase section */

/* Begin PBXTargetDependency section */
		7248CF562F0186890035B01F /* PBXTargetDependency */ = {
			isa = PBXTargetDependency;
			target = 7248CF432F0186870035B01F /* SanityApp */;
			targetProxy = 7248CF552F0186890035B01F /* PBXContainerItemProxy */;
		};
		7248CF602F0186890035B01F /* PBXTargetDependency */ = {
			isa = PBXTargetDependency;
			target = 7248CF432F0186870035B01F /* SanityApp */;
			targetProxy = 7248CF5F2F0186890035B01F /* PBXContainerItemProxy */;
		};
/* End PBXTargetDependency section */

/* Begin XCBuildConfiguration section */
		7248CF662F01868A0035B01F /* Debug */ = {
			isa = XCBuildConfiguration;
			buildSettings = {
				ALWAYS_SEARCH_USER_PATHS = NO;
				ASSETCATALOG_COMPILER_GENERATE_SWIFT_ASSET_SYMBOL_EXTENSIONS = YES;
				CLANG_ANALYZER_NONNULL = YES;
				CLANG_ANALYZER_NUMBER_OBJECT_CONVERSION = YES_AGGRESSIVE;
				CLANG_CXX_LANGUAGE_STANDARD = "gnu++20";
				CLANG_ENABLE_MODULES = YES;
				CLANG_ENABLE_OBJC_ARC = YES;
				CLANG_ENABLE_OBJC_WEAK = YES;
				CLANG_WARN_BLOCK_CAPTURE_AUTORELEASING = YES;
				CLANG_WARN_BOOL_CONVERSION = YES;
				CLANG_WARN_COMMA = YES;
				CLANG_WARN_CONSTANT_CONVERSION = YES;
				CLANG_WARN_DEPRECATED_OBJC_IMPLEMENTATIONS = YES;
				CLANG_WARN_DIRECT_OBJC_ISA_USAGE = YES_ERROR;
				CLANG_WARN_DOCUMENTATION_COMMENTS = YES;
				CLANG_WARN_EMPTY_BODY = YES;
				CLANG_WARN_ENUM_CONVERSION = YES;
				CLANG_WARN_INFINITE_RECURSION = YES;
				CLANG_WARN_INT_CONVERSION = YES;
				CLANG_WARN_NON_LITERAL_NULL_CONVERSION = YES;
				CLANG_WARN_OBJC_IMPLICIT_RETAIN_SELF = YES;
				CLANG_WARN_OBJC_LITERAL_CONVERSION = YES;
				CLANG_WARN_OBJC_ROOT_CLASS = YES_ERROR;
				CLANG_WARN_QUOTED_INCLUDE_IN_FRAMEWORK_HEADER = YES;
				CLANG_WARN_RANGE_LOOP_ANALYSIS = YES;
				CLANG_WARN_STRICT_PROTOTYPES = YES;
				CLANG_WARN_SUSPICIOUS_MOVE = YES;
				CLANG_WARN_UNGUARDED_AVAILABILITY = YES_AGGRESSIVE;
				CLANG_WARN_UNREACHABLE_CODE = YES;
				CLANG_WARN__DUPLICATE_METHOD_MATCH = YES;
				COPY_PHASE_STRIP = NO;
				DEBUG_INFORMATION_FORMAT = dwarf;
				ENABLE_STRICT_OBJC_MSGSEND = YES;
				ENABLE_TESTABILITY = YES;
				ENABLE_USER_SCRIPT_SANDBOXING = YES;
				GCC_C_LANGUAGE_STANDARD = gnu17;
				GCC_DYNAMIC_NO_PIC = NO;
				GCC_NO_COMMON_BLOCKS = YES;
				GCC_OPTIMIZATION_LEVEL = 0;
				GCC_PREPROCESSOR_DEFINITIONS = (
					"DEBUG=1",
					"$(inherited)",
				);
				GCC_WARN_64_TO_32_BIT_CONVERSION = YES;
				GCC_WARN_ABOUT_RETURN_TYPE = YES_ERROR;
				GCC_WARN_UNDECLARED_SELECTOR = YES;
				GCC_WARN_UNINITIALIZED_AUTOS = YES_AGGRESSIVE;
				GCC_WARN_UNUSED_FUNCTION = YES;
				GCC_WARN_UNUSED_VARIABLE = YES;
				IPHONEOS_DEPLOYMENT_TARGET = 16.0;
				LOCALIZATION_PREFERS_STRING_CATALOGS = YES;
				MTL_ENABLE_DEBUG_INFO = INCLUDE_SOURCE;
				MTL_FAST_MATH = YES;
				ONLY_ACTIVE_ARCH = YES;
				SDKROOT = iphoneos;
				SWIFT_ACTIVE_COMPILATION_CONDITIONS = "DEBUG $(inherited)";
				SWIFT_OPTIMIZATION_LEVEL = "-Onone";
			};
			name = Debug;
		};
		7248CF672F01868A0035B01F /* Release */ = {
			isa = XCBuildConfiguration;
			buildSettings = {
				ALWAYS_SEARCH_USER_PATHS = NO;
				ASSETCATALOG_COMPILER_GENERATE_SWIFT_ASSET_SYMBOL_EXTENSIONS = YES;
				CLANG_ANALYZER_NONNULL = YES;
				CLANG_ANALYZER_NUMBER_OBJECT_CONVERSION = YES_AGGRESSIVE;
				CLANG_CXX_LANGUAGE_STANDARD = "gnu++20";
				CLANG_ENABLE_MODULES = YES;
				CLANG_ENABLE_OBJC_ARC = YES;
				CLANG_ENABLE_OBJC_WEAK = YES;
				CLANG_WARN_BLOCK_CAPTURE_AUTORELEASING = YES;
				CLANG_WARN_BOOL_CONVERSION = YES;
				CLANG_WARN_COMMA = YES;
				CLANG_WARN_CONSTANT_CONVERSION = YES;
				CLANG_WARN_DEPRECATED_OBJC_IMPLEMENTATIONS = YES;
				CLANG_WARN_DIRECT_OBJC_ISA_USAGE = YES_ERROR;
				CLANG_WARN_DOCUMENTATION_COMMENTS = YES;
				CLANG_WARN_EMPTY_BODY = YES;
				CLANG_WARN_ENUM_CONVERSION = YES;
				CLANG_WARN_INFINITE_RECURSION = YES;
				CLANG_WARN_INT_CONVERSION = YES;
				CLANG_WARN_NON_LITERAL_NULL_CONVERSION = YES;
				CLANG_WARN_OBJC_IMPLICIT_RETAIN_SELF = YES;
				CLANG_WARN_OBJC_LITERAL_CONVERSION = YES;
				CLANG_WARN_OBJC_ROOT_CLASS = YES_ERROR;
				CLANG_WARN_QUOTED_INCLUDE_IN_FRAMEWORK_HEADER = YES;
				CLANG_WARN_RANGE_LOOP_ANALYSIS = YES;
				CLANG_WARN_STRICT_PROTOTYPES = YES;
				CLANG_WARN_SUSPICIOUS_MOVE = YES;
				CLANG_WARN_UNGUARDED_AVAILABILITY = YES_AGGRESSIVE;
				CLANG_WARN_UNREACHABLE_CODE = YES;
				CLANG_WARN__DUPLICATE_METHOD_MATCH = YES;
				COPY_PHASE_STRIP = NO;
				DEBUG_INFORMATION_FORMAT = "dwarf-with-dsym";
				ENABLE_NS_ASSERTIONS = NO;
				ENABLE_STRICT_OBJC_MSGSEND = YES;
				ENABLE_USER_SCRIPT_SANDBOXING = YES;
				GCC_C_LANGUAGE_STANDARD = gnu17;
				GCC_NO_COMMON_BLOCKS = YES;
				GCC_WARN_64_TO_32_BIT_CONVERSION = YES;
				GCC_WARN_ABOUT_RETURN_TYPE = YES_ERROR;
				GCC_WARN_UNDECLARED_SELECTOR = YES;
				GCC_WARN_UNINITIALIZED_AUTOS = YES_AGGRESSIVE;
				GCC_WARN_UNUSED_FUNCTION = YES;
				GCC_WARN_UNUSED_VARIABLE = YES;
				IPHONEOS_DEPLOYMENT_TARGET = 16.0;
				LOCALIZATION_PREFERS_STRING_CATALOGS = YES;
				MTL_ENABLE_DEBUG_INFO = NO;
				MTL_FAST_MATH = YES;
				SDKROOT = iphoneos;
				SWIFT_COMPILATION_MODE = wholemodule;
				VALIDATE_PRODUCT = YES;
			};
			name = Release;
		};
		7248CF692F01868A0035B01F /* Debug */ = {
			isa = XCBuildConfiguration;
			buildSettings = {
				ASSETCATALOG_COMPILER_APPICON_NAME = AppIcon;
				ASSETCATALOG_COMPILER_GLOBAL_ACCENT_COLOR_NAME = AccentColor;
				CODE_SIGN_STYLE = Automatic;
				CURRENT_PROJECT_VERSION = 1;
				DEVELOPMENT_ASSET_PATHS = "\"SanityApp/Preview Content\"";
				DEVELOPMENT_TEAM = FJQVV2US3S;
				ENABLE_PREVIEWS = YES;
				GENERATE_INFOPLIST_FILE = YES;
				INFOPLIST_KEY_UIApplicationSceneManifest_Generation = YES;
				INFOPLIST_KEY_UIApplicationSupportsIndirectInputEvents = YES;
				INFOPLIST_KEY_UILaunchScreen_Generation = YES;
				INFOPLIST_KEY_UISupportedInterfaceOrientations_iPad = "UIInterfaceOrientationPortrait UIInterfaceOrientationLandscapeLeft UIInterfaceOrientationLandscapeRight";
				INFOPLIST_KEY_UISupportedInterfaceOrientations_iPhone = "UIInterfaceOrientationPortrait UIInterfaceOrientationLandscapeLeft UIInterfaceOrientationLandscapeRight";
				LD_RUNPATH_SEARCH_PATHS = (
					"$(inherited)",
					"@executable_path/Frameworks",
				);
				MARKETING_VERSION = 1.0;
				PRODUCT_BUNDLE_IDENTIFIER = de.quint.friederike.SanityApp;
				PRODUCT_NAME = "$(TARGET_NAME)";
				SWIFT_EMIT_LOC_STRINGS = YES;
				SWIFT_VERSION = 5.0;
				TARGETED_DEVICE_FAMILY = 1;
			};
			name = Debug;
		};
		7248CF6A2F01868A0035B01F /* Release */ = {
			isa = XCBuildConfiguration;
			buildSettings = {
				ASSETCATALOG_COMPILER_APPICON_NAME = AppIcon;
				ASSETCATALOG_COMPILER_GLOBAL_ACCENT_COLOR_NAME = AccentColor;
				CODE_SIGN_STYLE = Automatic;
				CURRENT_PROJECT_VERSION = 1;
				DEVELOPMENT_ASSET_PATHS = "\"SanityApp/Preview Content\"";
				DEVELOPMENT_TEAM = FJQVV2US3S;
				ENABLE_PREVIEWS = YES;
				GENERATE_INFOPLIST_FILE = YES;
				INFOPLIST_KEY_UIApplicationSceneManifest_Generation = YES;
				INFOPLIST_KEY_UIApplicationSupportsIndirectInputEvents = YES;
				INFOPLIST_KEY_UILaunchScreen_Generation = YES;
				INFOPLIST_KEY_UISupportedInterfaceOrientations_iPad = "UIInterfaceOrientationPortrait UIInterfaceOrientationLandscapeLeft UIInterfaceOrientationLandscapeRight";
				INFOPLIST_KEY_UISupportedInterfaceOrientations_iPhone = "UIInterfaceOrientationPortrait UIInterfaceOrientationLandscapeLeft UIInterfaceOrientationLandscapeRight";
				LD_RUNPATH_SEARCH_PATHS = (
					"$(inherited)",
					"@executable_path/Frameworks",
				);
				MARKETING_VERSION = 1.0;
				PRODUCT_BUNDLE_IDENTIFIER = de.quint.friederike.SanityApp;
				PRODUCT_NAME = "$(TARGET_NAME)";
				SWIFT_EMIT_LOC_STRINGS = YES;
				SWIFT_VERSION = 5.0;
				TARGETED_DEVICE_FAMILY = 1;
			};
			name = Release;
		};
		7248CF6C2F01868A0035B01F /* Debug */ = {
			isa = XCBuildConfiguration;
			buildSettings = {
				ALWAYS_EMBED_SWIFT_STANDARD_LIBRARIES = YES;
				BUNDLE_LOADER = "$(TEST_HOST)";
				CODE_SIGN_STYLE = Automatic;
				CURRENT_PROJECT_VERSION = 1;
				DEVELOPMENT_TEAM = FJQVV2US3S;
				GENERATE_INFOPLIST_FILE = YES;
				IPHONEOS_DEPLOYMENT_TARGET = 16.0;
				MARKETING_VERSION = 1.0;
				PRODUCT_BUNDLE_IDENTIFIER = de.quint.friederike.SanityAppTests;
				PRODUCT_NAME = "$(TARGET_NAME)";
				SWIFT_EMIT_LOC_STRINGS = NO;
				SWIFT_VERSION = 5.0;
				TARGETED_DEVICE_FAMILY = 1;
				TEST_HOST = "$(BUILT_PRODUCTS_DIR)/SanityApp.app/$(BUNDLE_EXECUTABLE_FOLDER_PATH)/SanityApp";
			};
			name = Debug;
		};
		7248CF6D2F01868A0035B01F /* Release */ = {
			isa = XCBuildConfiguration;
			buildSettings = {
				ALWAYS_EMBED_SWIFT_STANDARD_LIBRARIES = YES;
				BUNDLE_LOADER = "$(TEST_HOST)";
				CODE_SIGN_STYLE = Automatic;
				CURRENT_PROJECT_VERSION = 1;
				DEVELOPMENT_TEAM = FJQVV2US3S;
				GENERATE_INFOPLIST_FILE = YES;
				IPHONEOS_DEPLOYMENT_TARGET = 16.0;
				MARKETING_VERSION = 1.0;
				PRODUCT_BUNDLE_IDENTIFIER = de.quint.friederike.SanityAppTests;
				PRODUCT_NAME = "$(TARGET_NAME)";
				SWIFT_EMIT_LOC_STRINGS = NO;
				SWIFT_VERSION = 5.0;
				TARGETED_DEVICE_FAMILY = 1;
				TEST_HOST = "$(BUILT_PRODUCTS_DIR)/SanityApp.app/$(BUNDLE_EXECUTABLE_FOLDER_PATH)/SanityApp";
			};
			name = Release;
		};
		7248CF6F2F01868A0035B01F /* Debug */ = {
			isa = XCBuildConfiguration;
			buildSettings = {
				ALWAYS_EMBED_SWIFT_STANDARD_LIBRARIES = YES;
				CODE_SIGN_STYLE = Automatic;
				CURRENT_PROJECT_VERSION = 1;
				DEVELOPMENT_TEAM = FJQVV2US3S;
				GENERATE_INFOPLIST_FILE = YES;
				MARKETING_VERSION = 1.0;
				PRODUCT_BUNDLE_IDENTIFIER = de.quint.friederike.SanityAppUITests;
				PRODUCT_NAME = "$(TARGET_NAME)";
				SWIFT_EMIT_LOC_STRINGS = NO;
				SWIFT_VERSION = 5.0;
				TARGETED_DEVICE_FAMILY = 1;
				TEST_TARGET_NAME = SanityApp;
			};
			name = Debug;
		};
		7248CF702F01868A0035B01F /* Release */ = {
			isa = XCBuildConfiguration;
			buildSettings = {
				ALWAYS_EMBED_SWIFT_STANDARD_LIBRARIES = YES;
				CODE_SIGN_STYLE = Automatic;
				CURRENT_PROJECT_VERSION = 1;
				DEVELOPMENT_TEAM = FJQVV2US3S;
				GENERATE_INFOPLIST_FILE = YES;
				MARKETING_VERSION = 1.0;
				PRODUCT_BUNDLE_IDENTIFIER = de.quint.friederike.SanityAppUITests;
				PRODUCT_NAME = "$(TARGET_NAME)";
				SWIFT_EMIT_LOC_STRINGS = NO;
				SWIFT_VERSION = 5.0;
				TARGETED_DEVICE_FAMILY = 1;
				TEST_TARGET_NAME = SanityApp;
			};
			name = Release;
		};
/* End XCBuildConfiguration section */

/* Begin XCConfigurationList section */
		7248CF3F2F0186870035B01F /* Build configuration list for PBXProject "SanityApp" */ = {
			isa = XCConfigurationList;
			buildConfigurations = (
				7248CF662F01868A0035B01F /* Debug */,
				7248CF672F01868A0035B01F /* Release */,
			);
			defaultConfigurationIsVisible = 0;
			defaultConfigurationName = Release;
		};
		7248CF682F01868A0035B01F /* Build configuration list for PBXNativeTarget "SanityApp" */ = {
			isa = XCConfigurationList;
			buildConfigurations = (
				7248CF692F01868A0035B01F /* Debug */,
				7248CF6A2F01868A0035B01F /* Release */,
			);
			defaultConfigurationIsVisible = 0;
			defaultConfigurationName = Release;
		};
		7248CF6B2F01868A0035B01F /* Build configuration list for PBXNativeTarget "SanityAppTests" */ = {
			isa = XCConfigurationList;
			buildConfigurations = (
				7248CF6C2F01868A0035B01F /* Debug */,
				7248CF6D2F01868A0035B01F /* Release */,
			);
			defaultConfigurationIsVisible = 0;
			defaultConfigurationName = Release;
		};
		7248CF6E2F01868A0035B01F /* Build configuration list for PBXNativeTarget "SanityAppUITests" */ = {
			isa = XCConfigurationList;
			buildConfigurations = (
				7248CF6F2F01868A0035B01F /* Debug */,
				7248CF702F01868A0035B01F /* Release */,
			);
			defaultConfigurationIsVisible = 0;
			defaultConfigurationName = Release;
		};
/* End XCConfigurationList section */
	};
	rootObject = 7248CF3C2F0186870035B01F /* Project object */;
}
